
Microsoft Visual Studio Solution File, Format Version 12.00
# Visual Studio Version 16
VisualStudioVersion = 16.0.32228.343
MinimumVisualStudioVersion = 10.0.40219.1
Project("{FAE04EC0-301F-11D3-BF4B-00C04F79EFBC}") = "VehicleInsurance_Employee", "VehicleInsurance_Employee\VehicleInsurance_Employee.csproj", "{EAE2E10D-50B3-4F41-A251-AC62FEDCA23A}"
EndProject
Global
	GlobalSection(SolutionConfigurationPlatforms) = preSolution
		Debug|Any CPU = Debug|Any CPU
		Release|Any CPU = Release|Any CPU
	EndGlobalSection
	GlobalSection(ProjectConfigurationPlatforms) = postSolution
		{EAE2E10D-50B3-4F41-A251-AC62FEDCA23A}.Debug|Any CPU.ActiveCfg = Debug|Any CPU
		{EAE2E10D-50B3-4F41-A251-AC62FEDCA23A}.Debug|Any CPU.Build.0 = Debug|Any CPU
		{EAE2E10D-50B3-4F41-A251-AC62FEDCA23A}.Release|Any CPU.ActiveCfg = Release|Any CPU
		{EAE2E10D-50B3-4F41-A251-AC62FEDCA23A}.Release|Any CPU.Build.0 = Release|Any CPU
	EndGlobalSection
	GlobalSection(SolutionProperties) = preSolution
		HideSolutionNode = FALSE
	EndGlobalSection
	GlobalSection(ExtensibilityGlobals) = postSolution
		SolutionGuid = {2CAC55DF-FCBD-4A07-BE7E-AFE7ED67C5F4}
	EndGlobalSection
EndGlobal
